// !$*UTF8*$!
{
	archiveVersion = 1;
	classes = {
	};
	objectVersion = 56;
	objects = {

/* Begin PBXBuildFile section */
		D531B0612CADDA00001C5CF2 /* Brushr_iOS_Live_Activity.swift in Sources */ = {isa = PBXBuildFile; fileRef = D531B0602CADD9E6001C5CF2 /* Brushr_iOS_Live_Activity.swift */; };
		D531B0622CADDA4E001C5CF2 /* Brushr_iOS_Live_Activity.swift in Sources */ = {isa = PBXBuildFile; fileRef = D531B0602CADD9E6001C5CF2 /* Brushr_iOS_Live_Activity.swift */; };
		D56746472BB34E7300233355 /* Settings.bundle in Resources */ = {isa = PBXBuildFile; fileRef = D56746462BB34E7300233355 /* Settings.bundle */; };
		D59F92A42A784C7C0063AA5E /* AppIntents.swift in Sources */ = {isa = PBXBuildFile; fileRef = D59F92A32A784C7C0063AA5E /* AppIntents.swift */; };
		D59F92AC2A784EA70063AA5E /* WidgetKit.framework in Frameworks */ = {isa = PBXBuildFile; fileRef = D59F92AB2A784EA70063AA5E /* WidgetKit.framework */; };
		D59F92AE2A784EA70063AA5E /* SwiftUI.framework in Frameworks */ = {isa = PBXBuildFile; fileRef = D59F92AD2A784EA70063AA5E /* SwiftUI.framework */; };
		D59F92B12A784EA70063AA5E /* Brushr_iOS_WidgetBundle.swift in Sources */ = {isa = PBXBuildFile; fileRef = D59F92B02A784EA70063AA5E /* Brushr_iOS_WidgetBundle.swift */; };
		D59F92B32A784EA70063AA5E /* Brushr_iOS_Widget.swift in Sources */ = {isa = PBXBuildFile; fileRef = D59F92B22A784EA70063AA5E /* Brushr_iOS_Widget.swift */; };
		D59F92B52A784EA90063AA5E /* Assets.xcassets in Resources */ = {isa = PBXBuildFile; fileRef = D59F92B42A784EA90063AA5E /* Assets.xcassets */; };
		D59F92B92A784EA90063AA5E /* Brushr iOS WidgetExtension.appex in Embed Foundation Extensions */ = {isa = PBXBuildFile; fileRef = D59F92A92A784EA70063AA5E /* Brushr iOS WidgetExtension.appex */; settings = {ATTRIBUTES = (RemoveHeadersOnCopy, ); }; };
		D59F92C52A79803B0063AA5E /* WidgetKit.framework in Frameworks */ = {isa = PBXBuildFile; fileRef = D59F92AB2A784EA70063AA5E /* WidgetKit.framework */; };
		D59F92C62A79803B0063AA5E /* SwiftUI.framework in Frameworks */ = {isa = PBXBuildFile; fileRef = D59F92AD2A784EA70063AA5E /* SwiftUI.framework */; };
		D59F92C92A79803B0063AA5E /* Brushr_watchOS_Widget.swift in Sources */ = {isa = PBXBuildFile; fileRef = D59F92C82A79803B0063AA5E /* Brushr_watchOS_Widget.swift */; };
		D59F92CB2A79803C0063AA5E /* Assets.xcassets in Resources */ = {isa = PBXBuildFile; fileRef = D59F92CA2A79803C0063AA5E /* Assets.xcassets */; };
		D59F92CF2A79803C0063AA5E /* Brushr watchOS WidgetExtension.appex in Embed Foundation Extensions */ = {isa = PBXBuildFile; fileRef = D59F92C42A79803B0063AA5E /* Brushr watchOS WidgetExtension.appex */; settings = {ATTRIBUTES = (RemoveHeadersOnCopy, ); }; };
		D59F92D52A7980B30063AA5E /* Brushr_watchOS_WidgetBundle.swift in Sources */ = {isa = PBXBuildFile; fileRef = D59F92D42A7980B30063AA5E /* Brushr_watchOS_WidgetBundle.swift */; };
		D5EAB91B2A7310A40086E666 /* BrushrApp.swift in Sources */ = {isa = PBXBuildFile; fileRef = D5EAB91A2A7310A40086E666 /* BrushrApp.swift */; };
		D5EAB91D2A7310A40086E666 /* ContentView.swift in Sources */ = {isa = PBXBuildFile; fileRef = D5EAB91C2A7310A40086E666 /* ContentView.swift */; };
		D5EAB91F2A7310A50086E666 /* Assets.xcassets in Resources */ = {isa = PBXBuildFile; fileRef = D5EAB91E2A7310A50086E666 /* Assets.xcassets */; };
		D5EAB9222A7310A50086E666 /* Preview Assets.xcassets in Resources */ = {isa = PBXBuildFile; fileRef = D5EAB9212A7310A50086E666 /* Preview Assets.xcassets */; };
		D5EAB9302A73B8D30086E666 /* Brushr_watchOSApp.swift in Sources */ = {isa = PBXBuildFile; fileRef = D5EAB92F2A73B8D30086E666 /* Brushr_watchOSApp.swift */; };
		D5EAB9322A73B8D30086E666 /* ContentView.swift in Sources */ = {isa = PBXBuildFile; fileRef = D5EAB9312A73B8D30086E666 /* ContentView.swift */; };
		D5EAB9342A73B8D40086E666 /* Assets.xcassets in Resources */ = {isa = PBXBuildFile; fileRef = D5EAB9332A73B8D40086E666 /* Assets.xcassets */; };
		D5EAB9372A73B8D40086E666 /* Preview Assets.xcassets in Resources */ = {isa = PBXBuildFile; fileRef = D5EAB9362A73B8D40086E666 /* Preview Assets.xcassets */; };
		D5EAB93A2A73B8D40086E666 /* Brushr.app in Embed Watch Content */ = {isa = PBXBuildFile; fileRef = D5EAB92D2A73B8D30086E666 /* Brushr.app */; settings = {ATTRIBUTES = (RemoveHeadersOnCopy, ); }; };
		D5EAB9412A7589270086E666 /* AppIntents.swift in Sources */ = {isa = PBXBuildFile; fileRef = D5EAB9402A7589270086E666 /* AppIntents.swift */; };
/* End PBXBuildFile section */

/* Begin PBXContainerItemProxy section */
		D59F92B72A784EA90063AA5E /* PBXContainerItemProxy */ = {
			isa = PBXContainerItemProxy;
			containerPortal = D5EAB90F2A7310A40086E666 /* Project object */;
			proxyType = 1;
			remoteGlobalIDString = D59F92A82A784EA70063AA5E;
			remoteInfo = "Brushr iOS WidgetExtension";
		};
		D59F92CD2A79803C0063AA5E /* PBXContainerItemProxy */ = {
			isa = PBXContainerItemProxy;
			containerPortal = D5EAB90F2A7310A40086E666 /* Project object */;
			proxyType = 1;
			remoteGlobalIDString = D59F92C32A79803B0063AA5E;
			remoteInfo = "Brushr watchOS WidgetExtension";
		};
		D5EAB9382A73B8D40086E666 /* PBXContainerItemProxy */ = {
			isa = PBXContainerItemProxy;
			containerPortal = D5EAB90F2A7310A40086E666 /* Project object */;
			proxyType = 1;
			remoteGlobalIDString = D5EAB92C2A73B8D30086E666;
			remoteInfo = "Brushr watchOS Watch App";
		};
/* End PBXContainerItemProxy section */

/* Begin PBXCopyFilesBuildPhase section */
		D59F92BA2A784EA90063AA5E /* Embed Foundation Extensions */ = {
			isa = PBXCopyFilesBuildPhase;
			buildActionMask = 2147483647;
			dstPath = "";
			dstSubfolderSpec = 13;
			files = (
				D59F92B92A784EA90063AA5E /* Brushr iOS WidgetExtension.appex in Embed Foundation Extensions */,
			);
			name = "Embed Foundation Extensions";
			runOnlyForDeploymentPostprocessing = 0;
		};
		D59F92D02A79803C0063AA5E /* Embed Foundation Extensions */ = {
			isa = PBXCopyFilesBuildPhase;
			buildActionMask = 2147483647;
			dstPath = "";
			dstSubfolderSpec = 13;
			files = (
				D59F92CF2A79803C0063AA5E /* Brushr watchOS WidgetExtension.appex in Embed Foundation Extensions */,
			);
			name = "Embed Foundation Extensions";
			runOnlyForDeploymentPostprocessing = 0;
		};
		D5EAB93E2A73B8D40086E666 /* Embed Watch Content */ = {
			isa = PBXCopyFilesBuildPhase;
			buildActionMask = 2147483647;
			dstPath = "$(CONTENTS_FOLDER_PATH)/Watch";
			dstSubfolderSpec = 16;
			files = (
				D5EAB93A2A73B8D40086E666 /* Brushr.app in Embed Watch Content */,
			);
			name = "Embed Watch Content";
			runOnlyForDeploymentPostprocessing = 0;
		};
/* End PBXCopyFilesBuildPhase section */

/* Begin PBXFileReference section */
		D531B0602CADD9E6001C5CF2 /* Brushr_iOS_Live_Activity.swift */ = {isa = PBXFileReference; lastKnownFileType = sourcecode.swift; path = Brushr_iOS_Live_Activity.swift; sourceTree = "<group>"; };
		D56746462BB34E7300233355 /* Settings.bundle */ = {isa = PBXFileReference; lastKnownFileType = "wrapper.plug-in"; path = Settings.bundle; sourceTree = "<group>"; };
		D59F92A32A784C7C0063AA5E /* AppIntents.swift */ = {isa = PBXFileReference; lastKnownFileType = sourcecode.swift; path = AppIntents.swift; sourceTree = "<group>"; };
		D59F92A92A784EA70063AA5E /* Brushr iOS WidgetExtension.appex */ = {isa = PBXFileReference; explicitFileType = "wrapper.app-extension"; includeInIndex = 0; path = "Brushr iOS WidgetExtension.appex"; sourceTree = BUILT_PRODUCTS_DIR; };
		D59F92AB2A784EA70063AA5E /* WidgetKit.framework */ = {isa = PBXFileReference; lastKnownFileType = wrapper.framework; name = WidgetKit.framework; path = System/Library/Frameworks/WidgetKit.framework; sourceTree = SDKROOT; };
		D59F92AD2A784EA70063AA5E /* SwiftUI.framework */ = {isa = PBXFileReference; lastKnownFileType = wrapper.framework; name = SwiftUI.framework; path = System/Library/Frameworks/SwiftUI.framework; sourceTree = SDKROOT; };
		D59F92B02A784EA70063AA5E /* Brushr_iOS_WidgetBundle.swift */ = {isa = PBXFileReference; lastKnownFileType = sourcecode.swift; path = Brushr_iOS_WidgetBundle.swift; sourceTree = "<group>"; };
		D59F92B22A784EA70063AA5E /* Brushr_iOS_Widget.swift */ = {isa = PBXFileReference; lastKnownFileType = sourcecode.swift; path = Brushr_iOS_Widget.swift; sourceTree = "<group>"; };
		D59F92B42A784EA90063AA5E /* Assets.xcassets */ = {isa = PBXFileReference; lastKnownFileType = folder.assetcatalog; path = Assets.xcassets; sourceTree = "<group>"; };
		D59F92B62A784EA90063AA5E /* Info.plist */ = {isa = PBXFileReference; lastKnownFileType = text.plist.xml; path = Info.plist; sourceTree = "<group>"; };
		D59F92BF2A79754F0063AA5E /* Info.plist */ = {isa = PBXFileReference; lastKnownFileType = text.plist; path = Info.plist; sourceTree = "<group>"; };
		D59F92C42A79803B0063AA5E /* Brushr watchOS WidgetExtension.appex */ = {isa = PBXFileReference; explicitFileType = "wrapper.app-extension"; includeInIndex = 0; path = "Brushr watchOS WidgetExtension.appex"; sourceTree = BUILT_PRODUCTS_DIR; };
		D59F92C82A79803B0063AA5E /* Brushr_watchOS_Widget.swift */ = {isa = PBXFileReference; lastKnownFileType = sourcecode.swift; path = Brushr_watchOS_Widget.swift; sourceTree = "<group>"; };
		D59F92CA2A79803C0063AA5E /* Assets.xcassets */ = {isa = PBXFileReference; lastKnownFileType = folder.assetcatalog; path = Assets.xcassets; sourceTree = "<group>"; };
		D59F92CC2A79803C0063AA5E /* Info.plist */ = {isa = PBXFileReference; lastKnownFileType = text.plist.xml; path = Info.plist; sourceTree = "<group>"; };
		D59F92D42A7980B30063AA5E /* Brushr_watchOS_WidgetBundle.swift */ = {isa = PBXFileReference; lastKnownFileType = sourcecode.swift; path = Brushr_watchOS_WidgetBundle.swift; sourceTree = "<group>"; };
		D5DEEDF72C14A92D00B33270 /* Brushr-watchOS-Watch-App-Info.plist */ = {isa = PBXFileReference; lastKnownFileType = text.plist; path = "Brushr-watchOS-Watch-App-Info.plist"; sourceTree = SOURCE_ROOT; };
		D5EAB9172A7310A40086E666 /* Brushr.app */ = {isa = PBXFileReference; explicitFileType = wrapper.application; includeInIndex = 0; path = Brushr.app; sourceTree = BUILT_PRODUCTS_DIR; };
		D5EAB91A2A7310A40086E666 /* BrushrApp.swift */ = {isa = PBXFileReference; lastKnownFileType = sourcecode.swift; path = BrushrApp.swift; sourceTree = "<group>"; };
		D5EAB91C2A7310A40086E666 /* ContentView.swift */ = {isa = PBXFileReference; lastKnownFileType = sourcecode.swift; path = ContentView.swift; sourceTree = "<group>"; };
		D5EAB91E2A7310A50086E666 /* Assets.xcassets */ = {isa = PBXFileReference; lastKnownFileType = folder.assetcatalog; path = Assets.xcassets; sourceTree = "<group>"; };
		D5EAB9212A7310A50086E666 /* Preview Assets.xcassets */ = {isa = PBXFileReference; lastKnownFileType = folder.assetcatalog; path = "Preview Assets.xcassets"; sourceTree = "<group>"; };
		D5EAB9282A73135C0086E666 /* Brushr.entitlements */ = {isa = PBXFileReference; lastKnownFileType = text.plist.entitlements; path = Brushr.entitlements; sourceTree = "<group>"; };
		D5EAB92D2A73B8D30086E666 /* Brushr.app */ = {isa = PBXFileReference; explicitFileType = wrapper.application; includeInIndex = 0; path = Brushr.app; sourceTree = BUILT_PRODUCTS_DIR; };
		D5EAB92F2A73B8D30086E666 /* Brushr_watchOSApp.swift */ = {isa = PBXFileReference; lastKnownFileType = sourcecode.swift; path = Brushr_watchOSApp.swift; sourceTree = "<group>"; };
		D5EAB9312A73B8D30086E666 /* ContentView.swift */ = {isa = PBXFileReference; lastKnownFileType = sourcecode.swift; path = ContentView.swift; sourceTree = "<group>"; };
		D5EAB9332A73B8D40086E666 /* Assets.xcassets */ = {isa = PBXFileReference; lastKnownFileType = folder.assetcatalog; path = Assets.xcassets; sourceTree = "<group>"; };
		D5EAB9362A73B8D40086E666 /* Preview Assets.xcassets */ = {isa = PBXFileReference; lastKnownFileType = folder.assetcatalog; path = "Preview Assets.xcassets"; sourceTree = "<group>"; };
		D5EAB93F2A73B8FD0086E666 /* Brushr watchOS Watch App.entitlements */ = {isa = PBXFileReference; lastKnownFileType = text.plist.entitlements; path = "Brushr watchOS Watch App.entitlements"; sourceTree = "<group>"; };
		D5EAB9402A7589270086E666 /* AppIntents.swift */ = {isa = PBXFileReference; lastKnownFileType = sourcecode.swift; path = AppIntents.swift; sourceTree = "<group>"; };
/* End PBXFileReference section */

/* Begin PBXFrameworksBuildPhase section */
		D59F92A62A784EA70063AA5E /* Frameworks */ = {
			isa = PBXFrameworksBuildPhase;
			buildActionMask = 2147483647;
			files = (
				D59F92AE2A784EA70063AA5E /* SwiftUI.framework in Frameworks */,
				D59F92AC2A784EA70063AA5E /* WidgetKit.framework in Frameworks */,
			);
			runOnlyForDeploymentPostprocessing = 0;
		};
		D59F92C12A79803B0063AA5E /* Frameworks */ = {
			isa = PBXFrameworksBuildPhase;
			buildActionMask = 2147483647;
			files = (
				D59F92C62A79803B0063AA5E /* SwiftUI.framework in Frameworks */,
				D59F92C52A79803B0063AA5E /* WidgetKit.framework in Frameworks */,
			);
			runOnlyForDeploymentPostprocessing = 0;
		};
		D5EAB9142A7310A40086E666 /* Frameworks */ = {
			isa = PBXFrameworksBuildPhase;
			buildActionMask = 2147483647;
			files = (
			);
			runOnlyForDeploymentPostprocessing = 0;
		};
		D5EAB92A2A73B8D30086E666 /* Frameworks */ = {
			isa = PBXFrameworksBuildPhase;
			buildActionMask = 2147483647;
			files = (
			);
			runOnlyForDeploymentPostprocessing = 0;
		};
/* End PBXFrameworksBuildPhase section */

/* Begin PBXGroup section */
		D59F92AA2A784EA70063AA5E /* Frameworks */ = {
			isa = PBXGroup;
			children = (
				D59F92AB2A784EA70063AA5E /* WidgetKit.framework */,
				D59F92AD2A784EA70063AA5E /* SwiftUI.framework */,
			);
			name = Frameworks;
			sourceTree = "<group>";
		};
		D59F92AF2A784EA70063AA5E /* Brushr iOS Widget */ = {
			isa = PBXGroup;
			children = (
				D531B0602CADD9E6001C5CF2 /* Brushr_iOS_Live_Activity.swift */,
				D59F92B02A784EA70063AA5E /* Brushr_iOS_WidgetBundle.swift */,
				D59F92B22A784EA70063AA5E /* Brushr_iOS_Widget.swift */,
				D59F92B42A784EA90063AA5E /* Assets.xcassets */,
				D59F92B62A784EA90063AA5E /* Info.plist */,
			);
			path = "Brushr iOS Widget";
			sourceTree = "<group>";
		};
		D59F92C72A79803B0063AA5E /* Brushr watchOS Widget */ = {
			isa = PBXGroup;
			children = (
				D59F92C82A79803B0063AA5E /* Brushr_watchOS_Widget.swift */,
				D59F92D42A7980B30063AA5E /* Brushr_watchOS_WidgetBundle.swift */,
				D59F92CA2A79803C0063AA5E /* Assets.xcassets */,
				D59F92CC2A79803C0063AA5E /* Info.plist */,
			);
			path = "Brushr watchOS Widget";
			sourceTree = "<group>";
		};
		D5EAB90E2A7310A40086E666 = {
			isa = PBXGroup;
			children = (
				D5EAB9192A7310A40086E666 /* Brushr */,
				D5EAB92E2A73B8D30086E666 /* Brushr watchOS Watch App */,
				D59F92AF2A784EA70063AA5E /* Brushr iOS Widget */,
				D59F92C72A79803B0063AA5E /* Brushr watchOS Widget */,
				D59F92AA2A784EA70063AA5E /* Frameworks */,
				D5EAB9182A7310A40086E666 /* Products */,
			);
			sourceTree = "<group>";
		};
		D5EAB9182A7310A40086E666 /* Products */ = {
			isa = PBXGroup;
			children = (
				D5EAB9172A7310A40086E666 /* Brushr.app */,
				D5EAB92D2A73B8D30086E666 /* Brushr.app */,
				D59F92A92A784EA70063AA5E /* Brushr iOS WidgetExtension.appex */,
				D59F92C42A79803B0063AA5E /* Brushr watchOS WidgetExtension.appex */,
			);
			name = Products;
			sourceTree = "<group>";
		};
		D5EAB9192A7310A40086E666 /* Brushr */ = {
			isa = PBXGroup;
			children = (
				D59F92BF2A79754F0063AA5E /* Info.plist */,
				D5EAB9282A73135C0086E666 /* Brushr.entitlements */,
				D5EAB91A2A7310A40086E666 /* BrushrApp.swift */,
				D5EAB91C2A7310A40086E666 /* ContentView.swift */,
				D5EAB91E2A7310A50086E666 /* Assets.xcassets */,
				D5EAB9202A7310A50086E666 /* Preview Content */,
				D5EAB9402A7589270086E666 /* AppIntents.swift */,
				D56746462BB34E7300233355 /* Settings.bundle */,
			);
			path = Brushr;
			sourceTree = "<group>";
		};
		D5EAB9202A7310A50086E666 /* Preview Content */ = {
			isa = PBXGroup;
			children = (
				D5EAB9212A7310A50086E666 /* Preview Assets.xcassets */,
			);
			path = "Preview Content";
			sourceTree = "<group>";
		};
		D5EAB92E2A73B8D30086E666 /* Brushr watchOS Watch App */ = {
			isa = PBXGroup;
			children = (
				D5DEEDF72C14A92D00B33270 /* Brushr-watchOS-Watch-App-Info.plist */,
				D5EAB93F2A73B8FD0086E666 /* Brushr watchOS Watch App.entitlements */,
				D5EAB92F2A73B8D30086E666 /* Brushr_watchOSApp.swift */,
				D5EAB9312A73B8D30086E666 /* ContentView.swift */,
				D5EAB9332A73B8D40086E666 /* Assets.xcassets */,
				D5EAB9352A73B8D40086E666 /* Preview Content */,
				D59F92A32A784C7C0063AA5E /* AppIntents.swift */,
			);
			path = "Brushr watchOS Watch App";
			sourceTree = "<group>";
		};
		D5EAB9352A73B8D40086E666 /* Preview Content */ = {
			isa = PBXGroup;
			children = (
				D5EAB9362A73B8D40086E666 /* Preview Assets.xcassets */,
			);
			path = "Preview Content";
			sourceTree = "<group>";
		};
/* End PBXGroup section */

/* Begin PBXNativeTarget section */
		D59F92A82A784EA70063AA5E /* Brushr iOS WidgetExtension */ = {
			isa = PBXNativeTarget;
			buildConfigurationList = D59F92BD2A784EA90063AA5E /* Build configuration list for PBXNativeTarget "Brushr iOS WidgetExtension" */;
			buildPhases = (
				D59F92A52A784EA70063AA5E /* Sources */,
				D59F92A62A784EA70063AA5E /* Frameworks */,
				D59F92A72A784EA70063AA5E /* Resources */,
			);
			buildRules = (
			);
			dependencies = (
			);
			name = "Brushr iOS WidgetExtension";
			productName = "Brushr iOS WidgetExtension";
			productReference = D59F92A92A784EA70063AA5E /* Brushr iOS WidgetExtension.appex */;
			productType = "com.apple.product-type.app-extension";
		};
		D59F92C32A79803B0063AA5E /* Brushr watchOS WidgetExtension */ = {
			isa = PBXNativeTarget;
			buildConfigurationList = D59F92D32A79803C0063AA5E /* Build configuration list for PBXNativeTarget "Brushr watchOS WidgetExtension" */;
			buildPhases = (
				D59F92C02A79803B0063AA5E /* Sources */,
				D59F92C12A79803B0063AA5E /* Frameworks */,
				D59F92C22A79803B0063AA5E /* Resources */,
			);
			buildRules = (
			);
			dependencies = (
			);
			name = "Brushr watchOS WidgetExtension";
			productName = "Brushr watchOS WidgetExtension";
			productReference = D59F92C42A79803B0063AA5E /* Brushr watchOS WidgetExtension.appex */;
			productType = "com.apple.product-type.app-extension";
		};
		D5EAB9162A7310A40086E666 /* Brushr */ = {
			isa = PBXNativeTarget;
			buildConfigurationList = D5EAB9252A7310A50086E666 /* Build configuration list for PBXNativeTarget "Brushr" */;
			buildPhases = (
				D5EAB9132A7310A40086E666 /* Sources */,
				D5EAB9142A7310A40086E666 /* Frameworks */,
				D5EAB9152A7310A40086E666 /* Resources */,
				D5EAB93E2A73B8D40086E666 /* Embed Watch Content */,
				D59F92BA2A784EA90063AA5E /* Embed Foundation Extensions */,
			);
			buildRules = (
			);
			dependencies = (
				D5EAB9392A73B8D40086E666 /* PBXTargetDependency */,
				D59F92B82A784EA90063AA5E /* PBXTargetDependency */,
			);
			name = Brushr;
			productName = Brushr;
			productReference = D5EAB9172A7310A40086E666 /* Brushr.app */;
			productType = "com.apple.product-type.application";
		};
		D5EAB92C2A73B8D30086E666 /* Brushr watchOS Watch App */ = {
			isa = PBXNativeTarget;
			buildConfigurationList = D5EAB93B2A73B8D40086E666 /* Build configuration list for PBXNativeTarget "Brushr watchOS Watch App" */;
			buildPhases = (
				D5EAB9292A73B8D30086E666 /* Sources */,
				D5EAB92A2A73B8D30086E666 /* Frameworks */,
				D5EAB92B2A73B8D30086E666 /* Resources */,
				D59F92D02A79803C0063AA5E /* Embed Foundation Extensions */,
			);
			buildRules = (
			);
			dependencies = (
				D59F92CE2A79803C0063AA5E /* PBXTargetDependency */,
			);
			name = "Brushr watchOS Watch App";
			productName = "Brushr watchOS Watch App";
			productReference = D5EAB92D2A73B8D30086E666 /* Brushr.app */;
			productType = "com.apple.product-type.application";
		};
/* End PBXNativeTarget section */

/* Begin PBXProject section */
		D5EAB90F2A7310A40086E666 /* Project object */ = {
			isa = PBXProject;
			attributes = {
				BuildIndependentTargetsInParallel = 1;
				LastSwiftUpdateCheck = 1430;
				LastUpgradeCheck = 1600;
				TargetAttributes = {
					D59F92A82A784EA70063AA5E = {
						CreatedOnToolsVersion = 14.3;
					};
					D59F92C32A79803B0063AA5E = {
						CreatedOnToolsVersion = 14.3;
					};
					D5EAB9162A7310A40086E666 = {
						CreatedOnToolsVersion = 14.3;
					};
					D5EAB92C2A73B8D30086E666 = {
						CreatedOnToolsVersion = 14.3;
					};
				};
			};
			buildConfigurationList = D5EAB9122A7310A40086E666 /* Build configuration list for PBXProject "Brushr" */;
			compatibilityVersion = "Xcode 14.0";
			developmentRegion = en;
			hasScannedForEncodings = 0;
			knownRegions = (
				en,
				Base,
			);
			mainGroup = D5EAB90E2A7310A40086E666;
			productRefGroup = D5EAB9182A7310A40086E666 /* Products */;
			projectDirPath = "";
			projectRoot = "";
			targets = (
				D5EAB9162A7310A40086E666 /* Brushr */,
				D5EAB92C2A73B8D30086E666 /* Brushr watchOS Watch App */,
				D59F92A82A784EA70063AA5E /* Brushr iOS WidgetExtension */,
				D59F92C32A79803B0063AA5E /* Brushr watchOS WidgetExtension */,
			);
		};
/* End PBXProject section */

/* Begin PBXResourcesBuildPhase section */
		D59F92A72A784EA70063AA5E /* Resources */ = {
			isa = PBXResourcesBuildPhase;
			buildActionMask = 2147483647;
			files = (
				D59F92B52A784EA90063AA5E /* Assets.xcassets in Resources */,
			);
			runOnlyForDeploymentPostprocessing = 0;
		};
		D59F92C22A79803B0063AA5E /* Resources */ = {
			isa = PBXResourcesBuildPhase;
			buildActionMask = 2147483647;
			files = (
				D59F92CB2A79803C0063AA5E /* Assets.xcassets in Resources */,
			);
			runOnlyForDeploymentPostprocessing = 0;
		};
		D5EAB9152A7310A40086E666 /* Resources */ = {
			isa = PBXResourcesBuildPhase;
			buildActionMask = 2147483647;
			files = (
				D5EAB9222A7310A50086E666 /* Preview Assets.xcassets in Resources */,
				D56746472BB34E7300233355 /* Settings.bundle in Resources */,
				D5EAB91F2A7310A50086E666 /* Assets.xcassets in Resources */,
			);
			runOnlyForDeploymentPostprocessing = 0;
		};
		D5EAB92B2A73B8D30086E666 /* Resources */ = {
			isa = PBXResourcesBuildPhase;
			buildActionMask = 2147483647;
			files = (
				D5EAB9372A73B8D40086E666 /* Preview Assets.xcassets in Resources */,
				D5EAB9342A73B8D40086E666 /* Assets.xcassets in Resources */,
			);
			runOnlyForDeploymentPostprocessing = 0;
		};
/* End PBXResourcesBuildPhase section */

/* Begin PBXSourcesBuildPhase section */
		D59F92A52A784EA70063AA5E /* Sources */ = {
			isa = PBXSourcesBuildPhase;
			buildActionMask = 2147483647;
			files = (
				D59F92B12A784EA70063AA5E /* Brushr_iOS_WidgetBundle.swift in Sources */,
				D59F92B32A784EA70063AA5E /* Brushr_iOS_Widget.swift in Sources */,
				D531B0612CADDA00001C5CF2 /* Brushr_iOS_Live_Activity.swift in Sources */,
			);
			runOnlyForDeploymentPostprocessing = 0;
		};
		D59F92C02A79803B0063AA5E /* Sources */ = {
			isa = PBXSourcesBuildPhase;
			buildActionMask = 2147483647;
			files = (
				D59F92C92A79803B0063AA5E /* Brushr_watchOS_Widget.swift in Sources */,
				D59F92D52A7980B30063AA5E /* Brushr_watchOS_WidgetBundle.swift in Sources */,
			);
			runOnlyForDeploymentPostprocessing = 0;
		};
		D5EAB9132A7310A40086E666 /* Sources */ = {
			isa = PBXSourcesBuildPhase;
			buildActionMask = 2147483647;
			files = (
				D531B0622CADDA4E001C5CF2 /* Brushr_iOS_Live_Activity.swift in Sources */,
				D5EAB91D2A7310A40086E666 /* ContentView.swift in Sources */,
				D5EAB91B2A7310A40086E666 /* BrushrApp.swift in Sources */,
				D5EAB9412A7589270086E666 /* AppIntents.swift in Sources */,
			);
			runOnlyForDeploymentPostprocessing = 0;
		};
		D5EAB9292A73B8D30086E666 /* Sources */ = {
			isa = PBXSourcesBuildPhase;
			buildActionMask = 2147483647;
			files = (
				D5EAB9322A73B8D30086E666 /* ContentView.swift in Sources */,
				D5EAB9302A73B8D30086E666 /* Brushr_watchOSApp.swift in Sources */,
				D59F92A42A784C7C0063AA5E /* AppIntents.swift in Sources */,
			);
			runOnlyForDeploymentPostprocessing = 0;
		};
/* End PBXSourcesBuildPhase section */

/* Begin PBXTargetDependency section */
		D59F92B82A784EA90063AA5E /* PBXTargetDependency */ = {
			isa = PBXTargetDependency;
			target = D59F92A82A784EA70063AA5E /* Brushr iOS WidgetExtension */;
			targetProxy = D59F92B72A784EA90063AA5E /* PBXContainerItemProxy */;
		};
		D59F92CE2A79803C0063AA5E /* PBXTargetDependency */ = {
			isa = PBXTargetDependency;
			target = D59F92C32A79803B0063AA5E /* Brushr watchOS WidgetExtension */;
			targetProxy = D59F92CD2A79803C0063AA5E /* PBXContainerItemProxy */;
		};
		D5EAB9392A73B8D40086E666 /* PBXTargetDependency */ = {
			isa = PBXTargetDependency;
			target = D5EAB92C2A73B8D30086E666 /* Brushr watchOS Watch App */;
			targetProxy = D5EAB9382A73B8D40086E666 /* PBXContainerItemProxy */;
		};
/* End PBXTargetDependency section */

/* Begin XCBuildConfiguration section */
		D59F92BB2A784EA90063AA5E /* Debug */ = {
			isa = XCBuildConfiguration;
			buildSettings = {
				ASSETCATALOG_COMPILER_GLOBAL_ACCENT_COLOR_NAME = AccentColor;
				ASSETCATALOG_COMPILER_WIDGET_BACKGROUND_COLOR_NAME = WidgetBackground;
				CODE_SIGN_ENTITLEMENTS = "Brushr iOS WidgetExtension.entitlements";
				CODE_SIGN_STYLE = Automatic;
				CURRENT_PROJECT_VERSION = 12;
				DEVELOPMENT_TEAM = ZWASU9HFBU;
				GENERATE_INFOPLIST_FILE = YES;
				INFOPLIST_FILE = "Brushr iOS Widget/Info.plist";
				INFOPLIST_KEY_CFBundleDisplayName = "Brushr iOS Widget";
				INFOPLIST_KEY_NSHumanReadableCopyright = "© Mark Howard 2024";
				IPHONEOS_DEPLOYMENT_TARGET = 17.0;
				LD_RUNPATH_SEARCH_PATHS = (
					"$(inherited)",
					"@executable_path/Frameworks",
					"@executable_path/../../Frameworks",
				);
				MARKETING_VERSION = 1.3;
				PRODUCT_BUNDLE_IDENTIFIER = "com.MSJ.Brushr.Brushr-iOS-Widget";
				PRODUCT_NAME = "$(TARGET_NAME)";
				SKIP_INSTALL = YES;
				SUPPORTED_PLATFORMS = "iphoneos iphonesimulator";
				SUPPORTS_MACCATALYST = NO;
				SUPPORTS_MAC_DESIGNED_FOR_IPHONE_IPAD = NO;
				SUPPORTS_XR_DESIGNED_FOR_IPHONE_IPAD = NO;
				SWIFT_EMIT_LOC_STRINGS = YES;
				SWIFT_VERSION = 5.0;
				TARGETED_DEVICE_FAMILY = 1;
			};
			name = Debug;
		};
		D59F92BC2A784EA90063AA5E /* Release */ = {
			isa = XCBuildConfiguration;
			buildSettings = {
				ASSETCATALOG_COMPILER_GLOBAL_ACCENT_COLOR_NAME = AccentColor;
				ASSETCATALOG_COMPILER_WIDGET_BACKGROUND_COLOR_NAME = WidgetBackground;
				CODE_SIGN_ENTITLEMENTS = "Brushr iOS WidgetExtension.entitlements";
				CODE_SIGN_STYLE = Automatic;
				CURRENT_PROJECT_VERSION = 12;
				DEVELOPMENT_TEAM = ZWASU9HFBU;
				GENERATE_INFOPLIST_FILE = YES;
				INFOPLIST_FILE = "Brushr iOS Widget/Info.plist";
				INFOPLIST_KEY_CFBundleDisplayName = "Brushr iOS Widget";
				INFOPLIST_KEY_NSHumanReadableCopyright = "© Mark Howard 2024";
				IPHONEOS_DEPLOYMENT_TARGET = 17.0;
				LD_RUNPATH_SEARCH_PATHS = (
					"$(inherited)",
					"@executable_path/Frameworks",
					"@executable_path/../../Frameworks",
				);
				MARKETING_VERSION = 1.3;
				PRODUCT_BUNDLE_IDENTIFIER = "com.MSJ.Brushr.Brushr-iOS-Widget";
				PRODUCT_NAME = "$(TARGET_NAME)";
				SKIP_INSTALL = YES;
				SUPPORTED_PLATFORMS = "iphoneos iphonesimulator";
				SUPPORTS_MACCATALYST = NO;
				SUPPORTS_MAC_DESIGNED_FOR_IPHONE_IPAD = NO;
				SUPPORTS_XR_DESIGNED_FOR_IPHONE_IPAD = NO;
				SWIFT_EMIT_LOC_STRINGS = YES;
				SWIFT_VERSION = 5.0;
				TARGETED_DEVICE_FAMILY = 1;
			};
			name = Release;
		};
		D59F92D12A79803C0063AA5E /* Debug */ = {
			isa = XCBuildConfiguration;
			buildSettings = {
				ASSETCATALOG_COMPILER_GLOBAL_ACCENT_COLOR_NAME = AccentColor;
				ASSETCATALOG_COMPILER_WIDGET_BACKGROUND_COLOR_NAME = WidgetBackground;
				CODE_SIGN_ENTITLEMENTS = "Brushr watchOS WidgetExtension.entitlements";
				CODE_SIGN_STYLE = Automatic;
				CURRENT_PROJECT_VERSION = 12;
				DEVELOPMENT_TEAM = ZWASU9HFBU;
				GENERATE_INFOPLIST_FILE = YES;
				INFOPLIST_FILE = "Brushr watchOS Widget/Info.plist";
				INFOPLIST_KEY_CFBundleDisplayName = "Brushr watchOS Widget";
				INFOPLIST_KEY_NSHumanReadableCopyright = "© Mark Howard 2024";
				LD_RUNPATH_SEARCH_PATHS = (
					"$(inherited)",
					"@executable_path/Frameworks",
					"@executable_path/../../Frameworks",
					"@executable_path/../../../../Frameworks",
				);
				MARKETING_VERSION = 1.3;
				PRODUCT_BUNDLE_IDENTIFIER = "com.MSJ.Brushr.watchkitapp.Brushr-watchOS-Widget";
				PRODUCT_NAME = "$(TARGET_NAME)";
				SDKROOT = watchos;
				SKIP_INSTALL = YES;
				SWIFT_EMIT_LOC_STRINGS = YES;
				SWIFT_VERSION = 5.0;
				TARGETED_DEVICE_FAMILY = 4;
				WATCHOS_DEPLOYMENT_TARGET = 10.0;
			};
			name = Debug;
		};
		D59F92D22A79803C0063AA5E /* Release */ = {
			isa = XCBuildConfiguration;
			buildSettings = {
				ASSETCATALOG_COMPILER_GLOBAL_ACCENT_COLOR_NAME = AccentColor;
				ASSETCATALOG_COMPILER_WIDGET_BACKGROUND_COLOR_NAME = WidgetBackground;
				CODE_SIGN_ENTITLEMENTS = "Brushr watchOS WidgetExtension.entitlements";
				CODE_SIGN_STYLE = Automatic;
				CURRENT_PROJECT_VERSION = 12;
				DEVELOPMENT_TEAM = ZWASU9HFBU;
				GENERATE_INFOPLIST_FILE = YES;
				INFOPLIST_FILE = "Brushr watchOS Widget/Info.plist";
				INFOPLIST_KEY_CFBundleDisplayName = "Brushr watchOS Widget";
				INFOPLIST_KEY_NSHumanReadableCopyright = "© Mark Howard 2024";
				LD_RUNPATH_SEARCH_PATHS = (
					"$(inherited)",
					"@executable_path/Frameworks",
					"@executable_path/../../Frameworks",
					"@executable_path/../../../../Frameworks",
				);
				MARKETING_VERSION = 1.3;
				PRODUCT_BUNDLE_IDENTIFIER = "com.MSJ.Brushr.watchkitapp.Brushr-watchOS-Widget";
				PRODUCT_NAME = "$(TARGET_NAME)";
				SDKROOT = watchos;
				SKIP_INSTALL = YES;
				SWIFT_EMIT_LOC_STRINGS = YES;
				SWIFT_VERSION = 5.0;
				TARGETED_DEVICE_FAMILY = 4;
				WATCHOS_DEPLOYMENT_TARGET = 10.0;
			};
			name = Release;
		};
		D5EAB9232A7310A50086E666 /* Debug */ = {
			isa = XCBuildConfiguration;
			buildSettings = {
				ALWAYS_SEARCH_USER_PATHS = NO;
				ASSETCATALOG_COMPILER_GENERATE_SWIFT_ASSET_SYMBOL_EXTENSIONS = YES;
				CLANG_ANALYZER_NONNULL = YES;
				CLANG_ANALYZER_NUMBER_OBJECT_CONVERSION = YES_AGGRESSIVE;
				CLANG_CXX_LANGUAGE_STANDARD = "gnu++20";
				CLANG_ENABLE_MODULES = YES;
				CLANG_ENABLE_OBJC_ARC = YES;
				CLANG_ENABLE_OBJC_WEAK = YES;
				CLANG_WARN_BLOCK_CAPTURE_AUTORELEASING = YES;
				CLANG_WARN_BOOL_CONVERSION = YES;
				CLANG_WARN_COMMA = YES;
				CLANG_WARN_CONSTANT_CONVERSION = YES;
				CLANG_WARN_DEPRECATED_OBJC_IMPLEMENTATIONS = YES;
				CLANG_WARN_DIRECT_OBJC_ISA_USAGE = YES_ERROR;
				CLANG_WARN_DOCUMENTATION_COMMENTS = YES;
				CLANG_WARN_EMPTY_BODY = YES;
				CLANG_WARN_ENUM_CONVERSION = YES;
				CLANG_WARN_INFINITE_RECURSION = YES;
				CLANG_WARN_INT_CONVERSION = YES;
				CLANG_WARN_NON_LITERAL_NULL_CONVERSION = YES;
				CLANG_WARN_OBJC_IMPLICIT_RETAIN_SELF = YES;
				CLANG_WARN_OBJC_LITERAL_CONVERSION = YES;
				CLANG_WARN_OBJC_ROOT_CLASS = YES_ERROR;
				CLANG_WARN_QUOTED_INCLUDE_IN_FRAMEWORK_HEADER = YES;
				CLANG_WARN_RANGE_LOOP_ANALYSIS = YES;
				CLANG_WARN_STRICT_PROTOTYPES = YES;
				CLANG_WARN_SUSPICIOUS_MOVE = YES;
				CLANG_WARN_UNGUARDED_AVAILABILITY = YES_AGGRESSIVE;
				CLANG_WARN_UNREACHABLE_CODE = YES;
				CLANG_WARN__DUPLICATE_METHOD_MATCH = YES;
				COPY_PHASE_STRIP = NO;
				DEBUG_INFORMATION_FORMAT = dwarf;
				ENABLE_STRICT_OBJC_MSGSEND = YES;
				ENABLE_TESTABILITY = YES;
				ENABLE_USER_SCRIPT_SANDBOXING = YES;
				GCC_C_LANGUAGE_STANDARD = gnu11;
				GCC_DYNAMIC_NO_PIC = NO;
				GCC_NO_COMMON_BLOCKS = YES;
				GCC_OPTIMIZATION_LEVEL = 0;
				GCC_PREPROCESSOR_DEFINITIONS = (
					"DEBUG=1",
					"$(inherited)",
				);
				GCC_WARN_64_TO_32_BIT_CONVERSION = YES;
				GCC_WARN_ABOUT_RETURN_TYPE = YES_ERROR;
				GCC_WARN_UNDECLARED_SELECTOR = YES;
				GCC_WARN_UNINITIALIZED_AUTOS = YES_AGGRESSIVE;
				GCC_WARN_UNUSED_FUNCTION = YES;
				GCC_WARN_UNUSED_VARIABLE = YES;
				IPHONEOS_DEPLOYMENT_TARGET = 17.0;
				MTL_ENABLE_DEBUG_INFO = INCLUDE_SOURCE;
				MTL_FAST_MATH = YES;
				ONLY_ACTIVE_ARCH = YES;
				SDKROOT = iphoneos;
				SWIFT_ACTIVE_COMPILATION_CONDITIONS = DEBUG;
				SWIFT_OPTIMIZATION_LEVEL = "-Onone";
				WATCHOS_DEPLOYMENT_TARGET = 10.0;
			};
			name = Debug;
		};
		D5EAB9242A7310A50086E666 /* Release */ = {
			isa = XCBuildConfiguration;
			buildSettings = {
				ALWAYS_SEARCH_USER_PATHS = NO;
				ASSETCATALOG_COMPILER_GENERATE_SWIFT_ASSET_SYMBOL_EXTENSIONS = YES;
				CLANG_ANALYZER_NONNULL = YES;
				CLANG_ANALYZER_NUMBER_OBJECT_CONVERSION = YES_AGGRESSIVE;
				CLANG_CXX_LANGUAGE_STANDARD = "gnu++20";
				CLANG_ENABLE_MODULES = YES;
				CLANG_ENABLE_OBJC_ARC = YES;
				CLANG_ENABLE_OBJC_WEAK = YES;
				CLANG_WARN_BLOCK_CAPTURE_AUTORELEASING = YES;
				CLANG_WARN_BOOL_CONVERSION = YES;
				CLANG_WARN_COMMA = YES;
				CLANG_WARN_CONSTANT_CONVERSION = YES;
				CLANG_WARN_DEPRECATED_OBJC_IMPLEMENTATIONS = YES;
				CLANG_WARN_DIRECT_OBJC_ISA_USAGE = YES_ERROR;
				CLANG_WARN_DOCUMENTATION_COMMENTS = YES;
				CLANG_WARN_EMPTY_BODY = YES;
				CLANG_WARN_ENUM_CONVERSION = YES;
				CLANG_WARN_INFINITE_RECURSION = YES;
				CLANG_WARN_INT_CONVERSION = YES;
				CLANG_WARN_NON_LITERAL_NULL_CONVERSION = YES;
				CLANG_WARN_OBJC_IMPLICIT_RETAIN_SELF = YES;
				CLANG_WARN_OBJC_LITERAL_CONVERSION = YES;
				CLANG_WARN_OBJC_ROOT_CLASS = YES_ERROR;
				CLANG_WARN_QUOTED_INCLUDE_IN_FRAMEWORK_HEADER = YES;
				CLANG_WARN_RANGE_LOOP_ANALYSIS = YES;
				CLANG_WARN_STRICT_PROTOTYPES = YES;
				CLANG_WARN_SUSPICIOUS_MOVE = YES;
				CLANG_WARN_UNGUARDED_AVAILABILITY = YES_AGGRESSIVE;
				CLANG_WARN_UNREACHABLE_CODE = YES;
				CLANG_WARN__DUPLICATE_METHOD_MATCH = YES;
				COPY_PHASE_STRIP = NO;
				DEBUG_INFORMATION_FORMAT = "dwarf-with-dsym";
				ENABLE_NS_ASSERTIONS = NO;
				ENABLE_STRICT_OBJC_MSGSEND = YES;
				ENABLE_USER_SCRIPT_SANDBOXING = YES;
				GCC_C_LANGUAGE_STANDARD = gnu11;
				GCC_NO_COMMON_BLOCKS = YES;
				GCC_WARN_64_TO_32_BIT_CONVERSION = YES;
				GCC_WARN_ABOUT_RETURN_TYPE = YES_ERROR;
				GCC_WARN_UNDECLARED_SELECTOR = YES;
				GCC_WARN_UNINITIALIZED_AUTOS = YES_AGGRESSIVE;
				GCC_WARN_UNUSED_FUNCTION = YES;
				GCC_WARN_UNUSED_VARIABLE = YES;
				IPHONEOS_DEPLOYMENT_TARGET = 17.0;
				MTL_ENABLE_DEBUG_INFO = NO;
				MTL_FAST_MATH = YES;
				SDKROOT = iphoneos;
				SWIFT_COMPILATION_MODE = wholemodule;
				SWIFT_OPTIMIZATION_LEVEL = "-O";
				VALIDATE_PRODUCT = YES;
				WATCHOS_DEPLOYMENT_TARGET = 10.0;
			};
			name = Release;
		};
		D5EAB9262A7310A50086E666 /* Debug */ = {
			isa = XCBuildConfiguration;
			buildSettings = {
				ASSETCATALOG_COMPILER_APPICON_NAME = AppIcon;
				ASSETCATALOG_COMPILER_GLOBAL_ACCENT_COLOR_NAME = AccentColor;
				CODE_SIGN_ENTITLEMENTS = Brushr/Brushr.entitlements;
				CODE_SIGN_STYLE = Automatic;
				CURRENT_PROJECT_VERSION = 12;
				DEVELOPMENT_ASSET_PATHS = "\"Brushr/Preview Content\"";
				DEVELOPMENT_TEAM = ZWASU9HFBU;
				ENABLE_PREVIEWS = YES;
				GENERATE_INFOPLIST_FILE = YES;
				INFOPLIST_FILE = Brushr/Info.plist;
				INFOPLIST_KEY_LSApplicationCategoryType = "public.app-category.healthcare-fitness";
				INFOPLIST_KEY_NSHealthShareUsageDescription = "To Read The Data In The Heath App, You Must Allow Access.";
				INFOPLIST_KEY_NSHealthUpdateUsageDescription = "To Write Data To The Health App, You Must Allow Access.";
				INFOPLIST_KEY_NSHumanReadableCopyright = "© Mark Howard 2024";
				INFOPLIST_KEY_NSSupportsLiveActivities = YES;
				INFOPLIST_KEY_UIApplicationSceneManifest_Generation = YES;
				INFOPLIST_KEY_UIApplicationSupportsIndirectInputEvents = YES;
				INFOPLIST_KEY_UILaunchScreen_Generation = YES;
				INFOPLIST_KEY_UISupportedInterfaceOrientations = UIInterfaceOrientationPortrait;
				INFOPLIST_KEY_UISupportedInterfaceOrientations_iPad = "UIInterfaceOrientationLandscapeLeft UIInterfaceOrientationLandscapeRight UIInterfaceOrientationPortrait UIInterfaceOrientationPortraitUpsideDown";
				IPHONEOS_DEPLOYMENT_TARGET = 17.0;
				LD_RUNPATH_SEARCH_PATHS = (
					"$(inherited)",
					"@executable_path/Frameworks",
				);
				MARKETING_VERSION = 1.3;
				PRODUCT_BUNDLE_IDENTIFIER = com.MSJ.Brushr;
				PRODUCT_NAME = "$(TARGET_NAME)";
				SUPPORTED_PLATFORMS = "iphoneos iphonesimulator";
				SUPPORTS_MACCATALYST = NO;
				SUPPORTS_MAC_DESIGNED_FOR_IPHONE_IPAD = NO;
				SUPPORTS_XR_DESIGNED_FOR_IPHONE_IPAD = NO;
				SWIFT_EMIT_LOC_STRINGS = YES;
				SWIFT_VERSION = 5.0;
				TARGETED_DEVICE_FAMILY = "1,2";
			};
			name = Debug;
		};
		D5EAB9272A7310A50086E666 /* Release */ = {
			isa = XCBuildConfiguration;
			buildSettings = {
				ASSETCATALOG_COMPILER_APPICON_NAME = AppIcon;
				ASSETCATALOG_COMPILER_GLOBAL_ACCENT_COLOR_NAME = AccentColor;
				CODE_SIGN_ENTITLEMENTS = Brushr/Brushr.entitlements;
				CODE_SIGN_STYLE = Automatic;
				CURRENT_PROJECT_VERSION = 12;
				DEVELOPMENT_ASSET_PATHS = "\"Brushr/Preview Content\"";
				DEVELOPMENT_TEAM = ZWASU9HFBU;
				ENABLE_PREVIEWS = YES;
				GENERATE_INFOPLIST_FILE = YES;
				INFOPLIST_FILE = Brushr/Info.plist;
				INFOPLIST_KEY_LSApplicationCategoryType = "public.app-category.healthcare-fitness";
				INFOPLIST_KEY_NSHealthShareUsageDescription = "To Read The Data In The Heath App, You Must Allow Access.";
				INFOPLIST_KEY_NSHealthUpdateUsageDescription = "To Write Data To The Health App, You Must Allow Access.";
				INFOPLIST_KEY_NSHumanReadableCopyright = "© Mark Howard 2024";
				INFOPLIST_KEY_NSSupportsLiveActivities = YES;
				INFOPLIST_KEY_UIApplicationSceneManifest_Generation = YES;
				INFOPLIST_KEY_UIApplicationSupportsIndirectInputEvents = YES;
				INFOPLIST_KEY_UILaunchScreen_Generation = YES;
				INFOPLIST_KEY_UISupportedInterfaceOrientations = UIInterfaceOrientationPortrait;
				INFOPLIST_KEY_UISupportedInterfaceOrientations_iPad = "UIInterfaceOrientationLandscapeLeft UIInterfaceOrientationLandscapeRight UIInterfaceOrientationPortrait UIInterfaceOrientationPortraitUpsideDown";
				IPHONEOS_DEPLOYMENT_TARGET = 17.0;
				LD_RUNPATH_SEARCH_PATHS = (
					"$(inherited)",
					"@executable_path/Frameworks",
				);
				MARKETING_VERSION = 1.3;
				PRODUCT_BUNDLE_IDENTIFIER = com.MSJ.Brushr;
				PRODUCT_NAME = "$(TARGET_NAME)";
				SUPPORTED_PLATFORMS = "iphoneos iphonesimulator";
				SUPPORTS_MACCATALYST = NO;
				SUPPORTS_MAC_DESIGNED_FOR_IPHONE_IPAD = NO;
				SUPPORTS_XR_DESIGNED_FOR_IPHONE_IPAD = NO;
				SWIFT_EMIT_LOC_STRINGS = YES;
				SWIFT_VERSION = 5.0;
				TARGETED_DEVICE_FAMILY = "1,2";
			};
			name = Release;
		};
		D5EAB93C2A73B8D40086E666 /* Debug */ = {
			isa = XCBuildConfiguration;
			buildSettings = {
				ASSETCATALOG_COMPILER_APPICON_NAME = AppIcon;
				ASSETCATALOG_COMPILER_GLOBAL_ACCENT_COLOR_NAME = AccentColor;
				CODE_SIGN_ENTITLEMENTS = "Brushr watchOS Watch App/Brushr watchOS Watch App.entitlements";
				CODE_SIGN_STYLE = Automatic;
				CURRENT_PROJECT_VERSION = 12;
				DEVELOPMENT_ASSET_PATHS = "\"Brushr watchOS Watch App/Preview Content\"";
				DEVELOPMENT_TEAM = ZWASU9HFBU;
				ENABLE_PREVIEWS = YES;
				GENERATE_INFOPLIST_FILE = YES;
				INFOPLIST_FILE = "Brushr-watchOS-Watch-App-Info.plist";
				INFOPLIST_KEY_NSHealthShareUsageDescription = "To Read The Data In The Heath App, You Must Allow Access.";
				INFOPLIST_KEY_NSHealthUpdateUsageDescription = "To Write Data To The Health App, You Must Allow Access.";
				INFOPLIST_KEY_NSHumanReadableCopyright = "© Mark Howard 2024";
				INFOPLIST_KEY_UISupportedInterfaceOrientations = "UIInterfaceOrientationPortrait UIInterfaceOrientationPortraitUpsideDown";
				INFOPLIST_KEY_WKCompanionAppBundleIdentifier = com.MSJ.Brushr;
				INFOPLIST_KEY_WKRunsIndependentlyOfCompanionApp = YES;
				LD_RUNPATH_SEARCH_PATHS = (
					"$(inherited)",
					"@executable_path/Frameworks",
				);
				MARKETING_VERSION = 1.3;
				PRODUCT_BUNDLE_IDENTIFIER = com.MSJ.Brushr.watchkitapp;
				PRODUCT_NAME = Brushr;
				SDKROOT = watchos;
				SKIP_INSTALL = YES;
				SWIFT_EMIT_LOC_STRINGS = YES;
				SWIFT_VERSION = 5.0;
				TARGETED_DEVICE_FAMILY = 4;
				WATCHOS_DEPLOYMENT_TARGET = 10.0;
			};
			name = Debug;
		};
		D5EAB93D2A73B8D40086E666 /* Release */ = {
			isa = XCBuildConfiguration;
			buildSettings = {
				ASSETCATALOG_COMPILER_APPICON_NAME = AppIcon;
				ASSETCATALOG_COMPILER_GLOBAL_ACCENT_COLOR_NAME = AccentColor;
				CODE_SIGN_ENTITLEMENTS = "Brushr watchOS Watch App/Brushr watchOS Watch App.entitlements";
				CODE_SIGN_STYLE = Automatic;
				CURRENT_PROJECT_VERSION = 12;
				DEVELOPMENT_ASSET_PATHS = "\"Brushr watchOS Watch App/Preview Content\"";
				DEVELOPMENT_TEAM = ZWASU9HFBU;
				ENABLE_PREVIEWS = YES;
				GENERATE_INFOPLIST_FILE = YES;
				INFOPLIST_FILE = "Brushr-watchOS-Watch-App-Info.plist";
				INFOPLIST_KEY_NSHealthShareUsageDescription = "To Read The Data In The Heath App, You Must Allow Access.";
				INFOPLIST_KEY_NSHealthUpdateUsageDescription = "To Write Data To The Health App, You Must Allow Access.";
				INFOPLIST_KEY_NSHumanReadableCopyright = "© Mark Howard 2024";
				INFOPLIST_KEY_UISupportedInterfaceOrientations = "UIInterfaceOrientationPortrait UIInterfaceOrientationPortraitUpsideDown";
				INFOPLIST_KEY_WKCompanionAppBundleIdentifier = com.MSJ.Brushr;
				INFOPLIST_KEY_WKRunsIndependentlyOfCompanionApp = YES;
				LD_RUNPATH_SEARCH_PATHS = (
					"$(inherited)",
					"@executable_path/Frameworks",
				);
				MARKETING_VERSION = 1.3;
				PRODUCT_BUNDLE_IDENTIFIER = com.MSJ.Brushr.watchkitapp;
				PRODUCT_NAME = Brushr;
				SDKROOT = watchos;
				SKIP_INSTALL = YES;
				SWIFT_EMIT_LOC_STRINGS = YES;
				SWIFT_VERSION = 5.0;
				TARGETED_DEVICE_FAMILY = 4;
				WATCHOS_DEPLOYMENT_TARGET = 10.0;
			};
			name = Release;
		};
/* End XCBuildConfiguration section */

/* Begin XCConfigurationList section */
		D59F92BD2A784EA90063AA5E /* Build configuration list for PBXNativeTarget "Brushr iOS WidgetExtension" */ = {
			isa = XCConfigurationList;
			buildConfigurations = (
				D59F92BB2A784EA90063AA5E /* Debug */,
				D59F92BC2A784EA90063AA5E /* Release */,
			);
			defaultConfigurationIsVisible = 0;
			defaultConfigurationName = Release;
		};
		D59F92D32A79803C0063AA5E /* Build configuration list for PBXNativeTarget "Brushr watchOS WidgetExtension" */ = {
			isa = XCConfigurationList;
			buildConfigurations = (
				D59F92D12A79803C0063AA5E /* Debug */,
				D59F92D22A79803C0063AA5E /* Release */,
			);
			defaultConfigurationIsVisible = 0;
			defaultConfigurationName = Release;
		};
		D5EAB9122A7310A40086E666 /* Build configuration list for PBXProject "Brushr" */ = {
			isa = XCConfigurationList;
			buildConfigurations = (
				D5EAB9232A7310A50086E666 /* Debug */,
				D5EAB9242A7310A50086E666 /* Release */,
			);
			defaultConfigurationIsVisible = 0;
			defaultConfigurationName = Release;
		};
		D5EAB9252A7310A50086E666 /* Build configuration list for PBXNativeTarget "Brushr" */ = {
			isa = XCConfigurationList;
			buildConfigurations = (
				D5EAB9262A7310A50086E666 /* Debug */,
				D5EAB9272A7310A50086E666 /* Release */,
			);
			defaultConfigurationIsVisible = 0;
			defaultConfigurationName = Release;
		};
		D5EAB93B2A73B8D40086E666 /* Build configuration list for PBXNativeTarget "Brushr watchOS Watch App" */ = {
			isa = XCConfigurationList;
			buildConfigurations = (
				D5EAB93C2A73B8D40086E666 /* Debug */,
				D5EAB93D2A73B8D40086E666 /* Release */,
			);
			defaultConfigurationIsVisible = 0;
			defaultConfigurationName = Release;
		};
/* End XCConfigurationList section */
	};
	rootObject = D5EAB90F2A7310A40086E666 /* Project object */;
}
